{
  "name": "fs-db-sync",
  "version": "1.0.0",
  "lockfileVersion": 1,
  "requires": true,
  "dependencies": {
    "@types/node": {
      "version": "10.7.1",
      "resolved": "https://registry.npmjs.org/@types/node/-/node-10.7.1.tgz",
      "integrity": "sha512-EGoI4ylB/lPOaqXqtzAyL8HcgOuCtH2hkEaLmkueOYufsTFWBn4VCvlCDC2HW8Q+9iF+QVC3sxjDKQYjHQeZ9w=="
    },
    "@types/watch": {
      "version": "1.0.0",
      "resolved": "https://registry.npmjs.org/@types/watch/-/watch-1.0.0.tgz",
      "integrity": "sha1-mSaemcFJycLaXdWu+L7l/ERYVkg=",
      "requires": {
        "@types/node": "*"
      }
    },
    "exec-sh": {
      "version": "0.2.2",
      "resolved": "https://registry.npmjs.org/exec-sh/-/exec-sh-0.2.2.tgz",
      "integrity": "sha512-FIUCJz1RbuS0FKTdaAafAByGS0CPvU3R0MeHxgtl+djzCc//F8HakL8GzmVNZanasTbTAY/3DRFA0KpVqj/eAw==",
      "requires": {
        "merge": "^1.2.0"
      }
    },
    "merge": {
      "version": "1.2.0",
      "resolved": "https://registry.npmjs.org/merge/-/merge-1.2.0.tgz",
      "integrity": "sha1-dTHjnUlJwoGma4xabgJl6LBYlNo="
    },
    "minimist": {
      "version": "1.2.0",
      "resolved": "http://registry.npmjs.org/minimist/-/minimist-1.2.0.tgz",
      "integrity": "sha1-o1AIsg9BOD7sH7kU9M1d95omQoQ="
    },
    "typescript": {
      "version": "3.0.1",
      "resolved": "https://registry.npmjs.org/typescript/-/typescript-3.0.1.tgz",
      "integrity": "sha512-zQIMOmC+372pC/CCVLqnQ0zSBiY7HHodU7mpQdjiZddek4GMj31I3dUJ7gAs9o65X7mnRma6OokOkc6f9jjfBg==",
      "dev": true
    },
    "watch": {
      "version": "1.0.2",
      "resolved": "https://registry.npmjs.org/watch/-/watch-1.0.2.tgz",
      "integrity": "sha1-NApxe952Vyb6CqB9ch4BR6VR3ww=",
      "requires": {
        "exec-sh": "^0.2.0",
        "minimist": "^1.2.0"
      }
    }
  }
}
